PODS:
  - awesome_notifications (0.10.0):
    - Flutter
    - IosAwnCore (~> 0.10.0)
  - awesome_notifications_core (0.0.1):
    - Flutter
  - awesome_notifications_fcm (0.10.0):
    - awesome_notifications
    - Firebase/Messaging
    - FirebaseCore
    - Flutter
    - IosAwnCore (~> 0.10.0)
    - IosAwnFcmCore (~> 0.10.1)
  - device_info_plus (0.0.1):
    - Flutter
  - Firebase/CoreOnly (11.10.0):
    - FirebaseCore (~> 11.10.0)
  - Firebase/Crashlytics (11.10.0):
    - Firebase/CoreOnly
    - FirebaseCrashlytics (~> 11.10.0)
  - Firebase/Messaging (11.10.0):
    - Firebase/CoreOnly
    - FirebaseMessaging (~> 11.10.0)
  - firebase_core (3.13.0):
    - Firebase/CoreOnly (= 11.10.0)
    - Flutter
  - firebase_crashlytics (4.3.5):
    - Firebase/Crashlytics (= 11.10.0)
    - firebase_core
    - Flutter
  - firebase_messaging (15.2.5):
    - Firebase/Messaging (= 11.10.0)
    - firebase_core
    - Flutter
  - FirebaseCore (11.10.0):
    - FirebaseCoreInternal (~> 11.10.0)
    - GoogleUtilities/Environment (~> 8.0)
    - GoogleUtilities/Logger (~> 8.0)
  - FirebaseCoreExtension (11.10.0):
    - FirebaseCore (~> 11.10.0)
  - FirebaseCoreInternal (11.10.0):
    - "GoogleUtilities/NSData+zlib (~> 8.0)"
  - FirebaseCrashlytics (11.10.0):
    - FirebaseCore (~> 11.10.0)
    - FirebaseInstallations (~> 11.0)
    - FirebaseRemoteConfigInterop (~> 11.0)
    - FirebaseSessions (~> 11.0)
    - GoogleDataTransport (~> 10.0)
    - GoogleUtilities/Environment (~> 8.0)
    - nanopb (~> 3.30910.0)
    - PromisesObjC (~> 2.4)
  - FirebaseInstallations (11.10.0):
    - FirebaseCore (~> 11.10.0)
    - GoogleUtilities/Environment (~> 8.0)
    - GoogleUtilities/UserDefaults (~> 8.0)
    - PromisesObjC (~> 2.4)
  - FirebaseMessaging (11.10.0):
    - FirebaseCore (~> 11.10.0)
    - FirebaseInstallations (~> 11.0)
    - GoogleDataTransport (~> 10.0)
    - GoogleUtilities/AppDelegateSwizzler (~> 8.0)
    - GoogleUtilities/Environment (~> 8.0)
    - GoogleUtilities/Reachability (~> 8.0)
    - GoogleUtilities/UserDefaults (~> 8.0)
    - nanopb (~> 3.30910.0)
  - FirebaseRemoteConfigInterop (11.15.0)
  - FirebaseSessions (11.10.0):
    - FirebaseCore (~> 11.10.0)
    - FirebaseCoreExtension (~> 11.10.0)
    - FirebaseInstallations (~> 11.0)
    - GoogleDataTransport (~> 10.0)
    - GoogleUtilities/Environment (~> 8.0)
    - GoogleUtilities/UserDefaults (~> 8.0)
    - nanopb (~> 3.30910.0)
    - PromisesSwift (~> 2.1)
  - Flutter (1.0.0)
  - flutter_background_service_ios (0.0.3):
    - Flutter
  - flutter_icmp_ping (0.0.1):
    - Flutter
  - flutter_local_notifications (0.0.1):
    - Flutter
  - fluttertoast (0.0.2):
    - Flutter
  - gal (1.0.0):
    - Flutter
    - FlutterMacOS
  - geolocator_apple (1.2.0):
    - Flutter
    - FlutterMacOS
  - GoogleDataTransport (10.1.0):
    - nanopb (~> 3.30910.0)
    - PromisesObjC (~> 2.4)
  - GoogleUtilities (8.1.0):
    - GoogleUtilities/AppDelegateSwizzler (= 8.1.0)
    - GoogleUtilities/Environment (= 8.1.0)
    - GoogleUtilities/Logger (= 8.1.0)
    - GoogleUtilities/MethodSwizzler (= 8.1.0)
    - GoogleUtilities/Network (= 8.1.0)
    - "GoogleUtilities/NSData+zlib (= 8.1.0)"
    - GoogleUtilities/Privacy (= 8.1.0)
    - GoogleUtilities/Reachability (= 8.1.0)
    - GoogleUtilities/SwizzlerTestHelpers (= 8.1.0)
    - GoogleUtilities/UserDefaults (= 8.1.0)
  - GoogleUtilities/AppDelegateSwizzler (8.1.0):
    - GoogleUtilities/Environment
    - GoogleUtilities/Logger
    - GoogleUtilities/Network
    - GoogleUtilities/Privacy
  - GoogleUtilities/Environment (8.1.0):
    - GoogleUtilities/Privacy
  - GoogleUtilities/Logger (8.1.0):
    - GoogleUtilities/Environment
    - GoogleUtilities/Privacy
  - GoogleUtilities/MethodSwizzler (8.1.0):
    - GoogleUtilities/Logger
    - GoogleUtilities/Privacy
  - GoogleUtilities/Network (8.1.0):
    - GoogleUtilities/Logger
    - "GoogleUtilities/NSData+zlib"
    - GoogleUtilities/Privacy
    - GoogleUtilities/Reachability
  - "GoogleUtilities/NSData+zlib (8.1.0)":
    - GoogleUtilities/Privacy
  - GoogleUtilities/Privacy (8.1.0)
  - GoogleUtilities/Reachability (8.1.0):
    - GoogleUtilities/Logger
    - GoogleUtilities/Privacy
  - GoogleUtilities/SwizzlerTestHelpers (8.1.0):
    - GoogleUtilities/MethodSwizzler
  - GoogleUtilities/UserDefaults (8.1.0):
    - GoogleUtilities/Logger
    - GoogleUtilities/Privacy
  - in_app_purchase_storekit (0.0.1):
    - Flutter
    - FlutterMacOS
  - IosAwnCore (0.10.0)
  - IosAwnFcmCore (0.10.1):
    - Firebase/Messaging (~> 11.0)
    - FirebaseCore (~> 11.0)
    - GoogleUtilities (~> 8.0)
    - IosAwnCore (~> 0.10.0)
  - MapLibre (6.14.0)
  - maplibre_gl (0.0.1):
    - Flutter
    - MapLibre (= 6.14.0)
  - nanopb (3.30910.0):
    - nanopb/decode (= 3.30910.0)
    - nanopb/encode (= 3.30910.0)
  - nanopb/decode (3.30910.0)
  - nanopb/encode (3.30910.0)
  - package_info_plus (0.4.5):
    - Flutter
  - path_provider_foundation (0.0.1):
    - Flutter
    - FlutterMacOS
  - permission_handler_apple (9.3.0):
    - Flutter
  - PromisesObjC (2.4.0)
  - PromisesSwift (2.4.0):
    - PromisesObjC (= 2.4.0)
  - share_plus (0.0.1):
    - Flutter
  - shared_preferences_foundation (0.0.1):
    - Flutter
    - FlutterMacOS
  - sqflite_darwin (0.0.4):
    - Flutter
    - FlutterMacOS
  - url_launcher_ios (0.0.1):
    - Flutter

DEPENDENCIES:
  - awesome_notifications (from `.symlinks/plugins/awesome_notifications/ios`)
  - awesome_notifications_core (from `.symlinks/plugins/awesome_notifications_core/ios`)
  - awesome_notifications_fcm (from `.symlinks/plugins/awesome_notifications_fcm/ios`)
  - device_info_plus (from `.symlinks/plugins/device_info_plus/ios`)
  - firebase_core (from `.symlinks/plugins/firebase_core/ios`)
  - firebase_crashlytics (from `.symlinks/plugins/firebase_crashlytics/ios`)
  - firebase_messaging (from `.symlinks/plugins/firebase_messaging/ios`)
  - Flutter (from `Flutter`)
  - flutter_background_service_ios (from `.symlinks/plugins/flutter_background_service_ios/ios`)
  - flutter_icmp_ping (from `.symlinks/plugins/flutter_icmp_ping/ios`)
  - flutter_local_notifications (from `.symlinks/plugins/flutter_local_notifications/ios`)
  - fluttertoast (from `.symlinks/plugins/fluttertoast/ios`)
  - gal (from `.symlinks/plugins/gal/darwin`)
  - geolocator_apple (from `.symlinks/plugins/geolocator_apple/darwin`)
  - in_app_purchase_storekit (from `.symlinks/plugins/in_app_purchase_storekit/darwin`)
  - maplibre_gl (from `.symlinks/plugins/maplibre_gl/ios`)
  - package_info_plus (from `.symlinks/plugins/package_info_plus/ios`)
  - path_provider_foundation (from `.symlinks/plugins/path_provider_foundation/darwin`)
  - permission_handler_apple (from `.symlinks/plugins/permission_handler_apple/ios`)
  - share_plus (from `.symlinks/plugins/share_plus/ios`)
  - shared_preferences_foundation (from `.symlinks/plugins/shared_preferences_foundation/darwin`)
  - sqflite_darwin (from `.symlinks/plugins/sqflite_darwin/darwin`)
  - url_launcher_ios (from `.symlinks/plugins/url_launcher_ios/ios`)

SPEC REPOS:
  trunk:
    - Firebase
    - FirebaseCore
    - FirebaseCoreExtension
    - FirebaseCoreInternal
    - FirebaseCrashlytics
    - FirebaseInstallations
    - FirebaseMessaging
    - FirebaseRemoteConfigInterop
    - FirebaseSessions
    - GoogleDataTransport
    - GoogleUtilities
    - IosAwnCore
    - IosAwnFcmCore
    - MapLibre
    - nanopb
    - PromisesObjC
    - PromisesSwift

EXTERNAL SOURCES:
  awesome_notifications:
    :path: ".symlinks/plugins/awesome_notifications/ios"
  awesome_notifications_core:
    :path: ".symlinks/plugins/awesome_notifications_core/ios"
  awesome_notifications_fcm:
    :path: ".symlinks/plugins/awesome_notifications_fcm/ios"
  device_info_plus:
    :path: ".symlinks/plugins/device_info_plus/ios"
  firebase_core:
    :path: ".symlinks/plugins/firebase_core/ios"
  firebase_crashlytics:
    :path: ".symlinks/plugins/firebase_crashlytics/ios"
  firebase_messaging:
    :path: ".symlinks/plugins/firebase_messaging/ios"
  Flutter:
    :path: Flutter
  flutter_background_service_ios:
    :path: ".symlinks/plugins/flutter_background_service_ios/ios"
  flutter_icmp_ping:
    :path: ".symlinks/plugins/flutter_icmp_ping/ios"
  flutter_local_notifications:
    :path: ".symlinks/plugins/flutter_local_notifications/ios"
  fluttertoast:
    :path: ".symlinks/plugins/fluttertoast/ios"
  gal:
    :path: ".symlinks/plugins/gal/darwin"
  geolocator_apple:
    :path: ".symlinks/plugins/geolocator_apple/darwin"
  in_app_purchase_storekit:
    :path: ".symlinks/plugins/in_app_purchase_storekit/darwin"
  maplibre_gl:
    :path: ".symlinks/plugins/maplibre_gl/ios"
  package_info_plus:
    :path: ".symlinks/plugins/package_info_plus/ios"
  path_provider_foundation:
    :path: ".symlinks/plugins/path_provider_foundation/darwin"
  permission_handler_apple:
    :path: ".symlinks/plugins/permission_handler_apple/ios"
  share_plus:
    :path: ".symlinks/plugins/share_plus/ios"
  shared_preferences_foundation:
    :path: ".symlinks/plugins/shared_preferences_foundation/darwin"
  sqflite_darwin:
    :path: ".symlinks/plugins/sqflite_darwin/darwin"
  url_launcher_ios:
    :path: ".symlinks/plugins/url_launcher_ios/ios"

SPEC CHECKSUMS:
  awesome_notifications: 0f432b28098d193920b11a44cfa9d2d9313a3888
  awesome_notifications_core: 429c28df8746780a474de177e5acde33af87da63
  awesome_notifications_fcm: ad14f584c81e2488ae4310ab96331327dcbb5368
  device_info_plus: 21fcca2080fbcd348be798aa36c3e5ed849eefbe
  Firebase: 1fe1c0a7d9aaea32efe01fbea5f0ebd8d70e53a2
  firebase_core: 2d4534e7b489907dcede540c835b48981d890943
  firebase_crashlytics: 961a0812ba79ed8f89a8d5d1e3763daa6267a87a
  firebase_messaging: 75bc93a4df25faccad67f6662ae872ac9ae69b64
  FirebaseCore: 8344daef5e2661eb004b177488d6f9f0f24251b7
  FirebaseCoreExtension: 6f357679327f3614e995dc7cf3f2d600bdc774ac
  FirebaseCoreInternal: ef4505d2afb1d0ebbc33162cb3795382904b5679
  FirebaseCrashlytics: 84b073c997235740e6a951b7ee49608932877e5c
  FirebaseInstallations: 9980995bdd06ec8081dfb6ab364162bdd64245c3
  FirebaseMessaging: 2b9f56aa4ed286e1f0ce2ee1d413aabb8f9f5cb9
  FirebaseRemoteConfigInterop: 1c6135e8a094cc6368949f5faeeca7ee8948b8aa
  FirebaseSessions: 9b3b30947b97a15370e0902ee7a90f50ef60ead6
  Flutter: e0871f40cf51350855a761d2e70bf5af5b9b5de7
  flutter_background_service_ios: 00d31bdff7b4bfe06d32375df358abe0329cf87e
  flutter_icmp_ping: 47c1df3440c18ddd39fc457e607bb3b42d4a339f
  flutter_local_notifications: a5a732f069baa862e728d839dd2ebb904737effb
  fluttertoast: 2c67e14dce98bbdb200df9e1acf610d7a6264ea1
  gal: baecd024ebfd13c441269ca7404792a7152fde89
  geolocator_apple: ab36aa0e8b7d7a2d7639b3b4e48308394e8cef5e
  GoogleDataTransport: aae35b7ea0c09004c3797d53c8c41f66f219d6a7
  GoogleUtilities: 00c88b9a86066ef77f0da2fab05f65d7768ed8e1
  in_app_purchase_storekit: d1a48cb0f8b29dbf5f85f782f5dd79b21b90a5e6
  IosAwnCore: 653786a911089012092ce831f2945cd339855a89
  IosAwnFcmCore: 1bdb9054b2e00187d00f1ffcfbb1855949a7b82f
  MapLibre: 69e572367f4ef6287e18246cfafc39c80cdcabcd
  maplibre_gl: 3c924e44725147b03dda33430ad216005b40555f
  nanopb: fad817b59e0457d11a5dfbde799381cd727c1275
  package_info_plus: af8e2ca6888548050f16fa2f1938db7b5a5df499
  path_provider_foundation: 080d55be775b7414fd5a5ef3ac137b97b097e564
  permission_handler_apple: 4ed2196e43d0651e8ff7ca3483a069d469701f2d
  PromisesObjC: f5707f49cb48b9636751c5b2e7d227e43fba9f47
  PromisesSwift: 9d77319bbe72ebf6d872900551f7eeba9bce2851
  share_plus: 50da8cb520a8f0f65671c6c6a99b3617ed10a58a
  shared_preferences_foundation: 9e1978ff2562383bd5676f64ec4e9aa8fa06a6f7
  sqflite_darwin: 20b2a3a3b70e43edae938624ce550a3cbf66a3d0
  url_launcher_ios: 694010445543906933d732453a59da0a173ae33d

PODFILE CHECKSUM: 66e18b17438dc8396389b83786125a5b00a733eb

COCOAPODS: 1.16.2
